
Microsoft Visual Studio Solution File, Format Version 12.00
# Visual Studio Version 17
VisualStudioVersion = 17.2.32630.192
MinimumVisualStudioVersion = 10.0.40219.1
Project("{FAE04EC0-301F-11D3-BF4B-00C04F79EFBC}") = "PracticeMvcAjax", "PracticeMvcAjax.csproj", "{06C6DBAC-681B-4BE7-BF3D-AF4BE06ACFD2}"
EndProject
Global
	GlobalSection(SolutionConfigurationPlatforms) = preSolution
		Debug|Any CPU = Debug|Any CPU
		Release|Any CPU = Release|Any CPU
	EndGlobalSection
	GlobalSection(ProjectConfigurationPlatforms) = postSolution
		{06C6DBAC-681B-4BE7-BF3D-AF4BE06ACFD2}.Debug|Any CPU.ActiveCfg = Debug|Any CPU
		{06C6DBAC-681B-4BE7-BF3D-AF4BE06ACFD2}.Debug|Any CPU.Build.0 = Debug|Any CPU
		{06C6DBAC-681B-4BE7-BF3D-AF4BE06ACFD2}.Release|Any CPU.ActiveCfg = Release|Any CPU
		{06C6DBAC-681B-4BE7-BF3D-AF4BE06ACFD2}.Release|Any CPU.Build.0 = Release|Any CPU
	EndGlobalSection
	GlobalSection(SolutionProperties) = preSolution
		HideSolutionNode = FALSE
	EndGlobalSection
	GlobalSection(ExtensibilityGlobals) = postSolution
		SolutionGuid = {52BDBBD4-A36B-453F-8C00-593734510768}
	EndGlobalSection
EndGlobal
